
Microsoft Visual Studio Solution File, Format Version 12.00
# Visual Studio Version 17
VisualStudioVersion = 17.5.33516.290
MinimumVisualStudioVersion = 10.0.40219.1
Project("{9A19103F-16F7-4668-BE54-9A1E7A4F7556}") = "Oleander.StrResGen.Tool", "src\Oleander.StrResGen.Tool.csproj", "{028A3786-5980-4BD8-8AD4-9525ECF1A59E}"
EndProject
Project("{2150E333-8FDC-42A3-9474-1A3956D46DE8}") = "src", "src", "{A8885FCD-DF1F-4952-A19F-55212DD9F3FC}"
EndProject
Project("{9A19103F-16F7-4668-BE54-9A1E7A4F7556}") = "Oleander.StrResGen", "..\Oleander.StrResGen\src\Oleander.StrResGen.csproj", "{F8D57B8B-128C-47B3-8189-75F2E09D7F88}"
EndProject
Global
	GlobalSection(SolutionConfigurationPlatforms) = preSolution
		Debug|Any CPU = Debug|Any CPU
		Release|Any CPU = Release|Any CPU
	EndGlobalSection
	GlobalSection(ProjectConfigurationPlatforms) = postSolution
		{028A3786-5980-4BD8-8AD4-9525ECF1A59E}.Debug|Any CPU.ActiveCfg = Debug|Any CPU
		{028A3786-5980-4BD8-8AD4-9525ECF1A59E}.Debug|Any CPU.Build.0 = Debug|Any CPU
		{028A3786-5980-4BD8-8AD4-9525ECF1A59E}.Release|Any CPU.ActiveCfg = Release|Any CPU
		{028A3786-5980-4BD8-8AD4-9525ECF1A59E}.Release|Any CPU.Build.0 = Release|Any CPU
		{F8D57B8B-128C-47B3-8189-75F2E09D7F88}.Debug|Any CPU.ActiveCfg = Debug|Any CPU
		{F8D57B8B-128C-47B3-8189-75F2E09D7F88}.Debug|Any CPU.Build.0 = Debug|Any CPU
		{F8D57B8B-128C-47B3-8189-75F2E09D7F88}.Release|Any CPU.ActiveCfg = Release|Any CPU
		{F8D57B8B-128C-47B3-8189-75F2E09D7F88}.Release|Any CPU.Build.0 = Release|Any CPU
	EndGlobalSection
	GlobalSection(SolutionProperties) = preSolution
		HideSolutionNode = FALSE
	EndGlobalSection
	GlobalSection(NestedProjects) = preSolution
		{028A3786-5980-4BD8-8AD4-9525ECF1A59E} = {A8885FCD-DF1F-4952-A19F-55212DD9F3FC}
		{F8D57B8B-128C-47B3-8189-75F2E09D7F88} = {A8885FCD-DF1F-4952-A19F-55212DD9F3FC}
	EndGlobalSection
	GlobalSection(ExtensibilityGlobals) = postSolution
		SolutionGuid = {079C644F-B7A5-4A24-978C-7DDBB3ABE5BB}
	EndGlobalSection
EndGlobal
