
Microsoft Visual Studio Solution File, Format Version 12.00
# Visual Studio Version 17
VisualStudioVersion = 17.5.33627.172
MinimumVisualStudioVersion = 10.0.40219.1
Project("{FAE04EC0-301F-11D3-BF4B-00C04F79EFBC}") = "Oleander.StrResGen.SingleFileGenerator", "src\Oleander.StrResGen.SingleFileGenerator.csproj", "{0097812D-E50D-431D-A5D7-3630B6AEB519}"
EndProject
Project("{2150E333-8FDC-42A3-9474-1A3956D46DE8}") = "src", "src", "{19FF0D00-CDDA-4AAB-8070-A01F83714E34}"
EndProject
Project("{FAE04EC0-301F-11D3-BF4B-00C04F79EFBC}") = "Oleander.StrResGen.SingleFileGenerator.Tests", "tests\Oleander.StrResGen.SingleFileGenerator.Tests.csproj", "{6D0AA8A5-7BA0-4E0F-A407-7B57B97E8C82}"
EndProject
Global
	GlobalSection(SolutionConfigurationPlatforms) = preSolution
		Debug|Any CPU = Debug|Any CPU
		Debug|arm64 = Debug|arm64
		Debug|x86 = Debug|x86
		Release|Any CPU = Release|Any CPU
		Release|arm64 = Release|arm64
		Release|x86 = Release|x86
	EndGlobalSection
	GlobalSection(ProjectConfigurationPlatforms) = postSolution
		{0097812D-E50D-431D-A5D7-3630B6AEB519}.Debug|Any CPU.ActiveCfg = Debug|Any CPU
		{0097812D-E50D-431D-A5D7-3630B6AEB519}.Debug|Any CPU.Build.0 = Debug|Any CPU
		{0097812D-E50D-431D-A5D7-3630B6AEB519}.Debug|arm64.ActiveCfg = Debug|arm64
		{0097812D-E50D-431D-A5D7-3630B6AEB519}.Debug|arm64.Build.0 = Debug|arm64
		{0097812D-E50D-431D-A5D7-3630B6AEB519}.Debug|x86.ActiveCfg = Debug|x86
		{0097812D-E50D-431D-A5D7-3630B6AEB519}.Debug|x86.Build.0 = Debug|x86
		{0097812D-E50D-431D-A5D7-3630B6AEB519}.Release|Any CPU.ActiveCfg = Release|Any CPU
		{0097812D-E50D-431D-A5D7-3630B6AEB519}.Release|Any CPU.Build.0 = Release|Any CPU
		{0097812D-E50D-431D-A5D7-3630B6AEB519}.Release|arm64.ActiveCfg = Release|arm64
		{0097812D-E50D-431D-A5D7-3630B6AEB519}.Release|arm64.Build.0 = Release|arm64
		{0097812D-E50D-431D-A5D7-3630B6AEB519}.Release|x86.ActiveCfg = Release|x86
		{0097812D-E50D-431D-A5D7-3630B6AEB519}.Release|x86.Build.0 = Release|x86
		{6D0AA8A5-7BA0-4E0F-A407-7B57B97E8C82}.Debug|Any CPU.ActiveCfg = Debug|Any CPU
		{6D0AA8A5-7BA0-4E0F-A407-7B57B97E8C82}.Debug|Any CPU.Build.0 = Debug|Any CPU
		{6D0AA8A5-7BA0-4E0F-A407-7B57B97E8C82}.Debug|arm64.ActiveCfg = Debug|Any CPU
		{6D0AA8A5-7BA0-4E0F-A407-7B57B97E8C82}.Debug|arm64.Build.0 = Debug|Any CPU
		{6D0AA8A5-7BA0-4E0F-A407-7B57B97E8C82}.Debug|x86.ActiveCfg = Debug|Any CPU
		{6D0AA8A5-7BA0-4E0F-A407-7B57B97E8C82}.Debug|x86.Build.0 = Debug|Any CPU
		{6D0AA8A5-7BA0-4E0F-A407-7B57B97E8C82}.Release|Any CPU.ActiveCfg = Release|Any CPU
		{6D0AA8A5-7BA0-4E0F-A407-7B57B97E8C82}.Release|Any CPU.Build.0 = Release|Any CPU
		{6D0AA8A5-7BA0-4E0F-A407-7B57B97E8C82}.Release|arm64.ActiveCfg = Release|Any CPU
		{6D0AA8A5-7BA0-4E0F-A407-7B57B97E8C82}.Release|arm64.Build.0 = Release|Any CPU
		{6D0AA8A5-7BA0-4E0F-A407-7B57B97E8C82}.Release|x86.ActiveCfg = Release|Any CPU
		{6D0AA8A5-7BA0-4E0F-A407-7B57B97E8C82}.Release|x86.Build.0 = Release|Any CPU
	EndGlobalSection
	GlobalSection(SolutionProperties) = preSolution
		HideSolutionNode = FALSE
	EndGlobalSection
	GlobalSection(NestedProjects) = preSolution
		{0097812D-E50D-431D-A5D7-3630B6AEB519} = {19FF0D00-CDDA-4AAB-8070-A01F83714E34}
		{6D0AA8A5-7BA0-4E0F-A407-7B57B97E8C82} = {19FF0D00-CDDA-4AAB-8070-A01F83714E34}
	EndGlobalSection
	GlobalSection(ExtensibilityGlobals) = postSolution
		SolutionGuid = {9274958D-2212-46C2-A993-02C59AB15B88}
	EndGlobalSection
EndGlobal
